
Microsoft Visual Studio Solution File, Format Version 12.00
# Visual Studio Version 17
VisualStudioVersion = 17.11.35219.272
MinimumVisualStudioVersion = 10.0.40219.1
Project("{FAE04EC0-301F-11D3-BF4B-00C04F79EFBC}") = "MedicalManagementLogin", "MedicalManagementLogin\MedicalManagementLogin.csproj", "{AB0AB072-65C2-454E-B86F-E7593CF4BA84}"
EndProject
Global
	GlobalSection(SolutionConfigurationPlatforms) = preSolution
		Debug|Any CPU = Debug|Any CPU
		Release|Any CPU = Release|Any CPU
	EndGlobalSection
	GlobalSection(ProjectConfigurationPlatforms) = postSolution
		{AB0AB072-65C2-454E-B86F-E7593CF4BA84}.Debug|Any CPU.ActiveCfg = Debug|Any CPU
		{AB0AB072-65C2-454E-B86F-E7593CF4BA84}.Debug|Any CPU.Build.0 = Debug|Any CPU
		{AB0AB072-65C2-454E-B86F-E7593CF4BA84}.Release|Any CPU.ActiveCfg = Release|Any CPU
		{AB0AB072-65C2-454E-B86F-E7593CF4BA84}.Release|Any CPU.Build.0 = Release|Any CPU
	EndGlobalSection
	GlobalSection(SolutionProperties) = preSolution
		HideSolutionNode = FALSE
	EndGlobalSection
	GlobalSection(ExtensibilityGlobals) = postSolution
		SolutionGuid = {9EEED51D-1F15-40BC-A05E-0B87A4C9C73A}
	EndGlobalSection
EndGlobal
